<?xml version="1.0" encoding="utf-8"?>
<Project ToolsVersion="18.0" xmlns="http://schemas.microsoft.com/developer/msbuild/2003">
  <ItemGroup>
    <CustomBuild Include="E:\Aulas\low-level-unified-portfolio\days\2026-09-04\debugger\protocol_v1\solutions\build_bench\CMakeFiles\342cb7ed4405578a9fade926a87236fa\generate.stamp.rule">
      <Filter>CMake Rules</Filter>
    </CustomBuild>
  </ItemGroup>
  <ItemGroup>
    <Filter Include="CMake Rules">
      <UniqueIdentifier>{B3C1BF8F-A92E-3610-B71B-F14E71DC8DF8}</UniqueIdentifier>
    </Filter>
  </ItemGroup>
</Project>
