<?xml version="1.0" encoding="UTF-8"?>
<Solution>
	<Configurations>
		<BuildType Name="Debug"/>
		<BuildType Name="Release"/>
		<BuildType Name="MinSizeRel"/>
		<BuildType Name="RelWithDebInfo"/>
		<Platform Name="x64"/>
	</Configurations>
	<Project Path="ALL_BUILD.vcxproj" Type="8bc9ceb8-8b4a-11d0-8d11-00a0c91bc942" Id="8f3a25ff-413c-3bfd-abd6-b5333e36b200" DefaultStartup="true">
		<BuildDependency Project="ZERO_CHECK.vcxproj"/>
		<BuildDependency Project="portal_core.vcxproj"/>
		<BuildDependency Project="portal_demo.vcxproj"/>
		<BuildDependency Project="test_portal_transform.vcxproj"/>
		<BuildDependency Project="test_sphere_portal.vcxproj"/>
		<BuildDependency Project="test_verlet_rope.vcxproj"/>
		<Build Solution="Debug|*" Project="false"/>
		<Build Solution="Release|*" Project="false"/>
		<Build Solution="MinSizeRel|*" Project="false"/>
		<Build Solution="RelWithDebInfo|*" Project="false"/>
	</Project>
	<Project Path="RUN_TESTS.vcxproj" Type="8bc9ceb8-8b4a-11d0-8d11-00a0c91bc942" Id="a50556df-1984-31c5-8957-4684ca1a4230">
		<BuildDependency Project="ZERO_CHECK.vcxproj"/>
		<Build Solution="Debug|*" Project="false"/>
		<Build Solution="Release|*" Project="false"/>
		<Build Solution="MinSizeRel|*" Project="false"/>
		<Build Solution="RelWithDebInfo|*" Project="false"/>
	</Project>
	<Project Path="ZERO_CHECK.vcxproj" Type="8bc9ceb8-8b4a-11d0-8d11-00a0c91bc942" Id="25f6f873-7790-3637-a642-51c91ae2ef6c"/>
	<Project Path="portal_core.vcxproj" Type="8bc9ceb8-8b4a-11d0-8d11-00a0c91bc942" Id="93715c20-375a-3944-98c0-a8e78e423d46">
		<BuildDependency Project="ZERO_CHECK.vcxproj"/>
	</Project>
	<Project Path="portal_demo.vcxproj" Type="8bc9ceb8-8b4a-11d0-8d11-00a0c91bc942" Id="e9159bd4-d44b-3bdc-97fd-0d01e806e67e">
		<BuildDependency Project="ZERO_CHECK.vcxproj"/>
		<BuildDependency Project="portal_core.vcxproj"/>
	</Project>
	<Project Path="test_portal_transform.vcxproj" Type="8bc9ceb8-8b4a-11d0-8d11-00a0c91bc942" Id="46449949-39f1-39d1-ab78-7b432854bbd8">
		<BuildDependency Project="ZERO_CHECK.vcxproj"/>
		<BuildDependency Project="portal_core.vcxproj"/>
	</Project>
	<Project Path="test_sphere_portal.vcxproj" Type="8bc9ceb8-8b4a-11d0-8d11-00a0c91bc942" Id="72501f77-5194-3c2f-91ff-3958be84e1a8">
		<BuildDependency Project="ZERO_CHECK.vcxproj"/>
		<BuildDependency Project="portal_core.vcxproj"/>
	</Project>
	<Project Path="test_verlet_rope.vcxproj" Type="8bc9ceb8-8b4a-11d0-8d11-00a0c91bc942" Id="b022a395-ad6a-35ae-a9df-64343ee48d47">
		<BuildDependency Project="ZERO_CHECK.vcxproj"/>
		<BuildDependency Project="portal_core.vcxproj"/>
	</Project>
</Solution>
