<?xml version="1.0" encoding="UTF-8"?>
<Solution>
	<Configurations>
		<BuildType Name="Debug"/>
		<BuildType Name="Release"/>
		<BuildType Name="MinSizeRel"/>
		<BuildType Name="RelWithDebInfo"/>
		<Platform Name="x64"/>
	</Configurations>
	<Project Path="ALL_BUILD.vcxproj" Type="8bc9ceb8-8b4a-11d0-8d11-00a0c91bc942" Id="0bf05cd6-1df7-3ba9-9e26-8ac7b7ed9dbe" DefaultStartup="true">
		<BuildDependency Project="ZERO_CHECK.vcxproj"/>
		<BuildDependency Project="chris_tensor.vcxproj"/>
		<BuildDependency Project="tensor_benchmark.vcxproj"/>
		<BuildDependency Project="tensor_tests.vcxproj"/>
		<Build Solution="Debug|*" Project="false"/>
		<Build Solution="Release|*" Project="false"/>
		<Build Solution="MinSizeRel|*" Project="false"/>
		<Build Solution="RelWithDebInfo|*" Project="false"/>
	</Project>
	<Project Path="RUN_TESTS.vcxproj" Type="8bc9ceb8-8b4a-11d0-8d11-00a0c91bc942" Id="2022fcdd-1866-3488-a2dd-66e68a169a77">
		<BuildDependency Project="ZERO_CHECK.vcxproj"/>
		<Build Solution="Debug|*" Project="false"/>
		<Build Solution="Release|*" Project="false"/>
		<Build Solution="MinSizeRel|*" Project="false"/>
		<Build Solution="RelWithDebInfo|*" Project="false"/>
	</Project>
	<Project Path="ZERO_CHECK.vcxproj" Type="8bc9ceb8-8b4a-11d0-8d11-00a0c91bc942" Id="8daa36bd-a003-3398-ad0f-12eaa3135a9e"/>
	<Project Path="chris_tensor.vcxproj" Type="8bc9ceb8-8b4a-11d0-8d11-00a0c91bc942" Id="a61f4abc-009e-311b-a3f4-9e824a88815e">
		<BuildDependency Project="ZERO_CHECK.vcxproj"/>
	</Project>
	<Project Path="tensor_benchmark.vcxproj" Type="8bc9ceb8-8b4a-11d0-8d11-00a0c91bc942" Id="5f2be661-b288-3308-b033-a5f156fbe177">
		<BuildDependency Project="ZERO_CHECK.vcxproj"/>
		<BuildDependency Project="chris_tensor.vcxproj"/>
	</Project>
	<Project Path="tensor_tests.vcxproj" Type="8bc9ceb8-8b4a-11d0-8d11-00a0c91bc942" Id="8bd1f01a-3f67-3e3c-bc70-592c6014b610">
		<BuildDependency Project="ZERO_CHECK.vcxproj"/>
		<BuildDependency Project="chris_tensor.vcxproj"/>
	</Project>
</Solution>
