<?xml version="1.0" encoding="utf-8"?>
<Project ToolsVersion="18.0" xmlns="http://schemas.microsoft.com/developer/msbuild/2003">
  <ItemGroup>
    <CustomBuild Include="E:\Aulas\low-level-unified-portfolio\days\2026-09-04\ai\tensor_strides\solutions\build_bench\CMakeFiles\661855803f8a5c8de8f9fc91f13c0969\generate.stamp.rule">
      <Filter>CMake Rules</Filter>
    </CustomBuild>
  </ItemGroup>
  <ItemGroup>
    <Filter Include="CMake Rules">
      <UniqueIdentifier>{4A321EAD-258D-39F2-9E39-E4EF45975329}</UniqueIdentifier>
    </Filter>
  </ItemGroup>
</Project>
