<?xml version="1.0" encoding="UTF-8"?>
<Solution>
	<Configurations>
		<BuildType Name="Debug"/>
		<BuildType Name="Release"/>
		<BuildType Name="MinSizeRel"/>
		<BuildType Name="RelWithDebInfo"/>
		<Platform Name="x64"/>
	</Configurations>
	<Project Path="ALL_BUILD.vcxproj" Type="8bc9ceb8-8b4a-11d0-8d11-00a0c91bc942" Id="feef39bc-a1ab-3cf0-bea6-32b9b1a00875" DefaultStartup="true">
		<BuildDependency Project="ZERO_CHECK.vcxproj"/>
		<BuildDependency Project="algorithm_benchmark.vcxproj"/>
		<BuildDependency Project="algorithm_tests.vcxproj"/>
		<BuildDependency Project="chris_algorithms.vcxproj"/>
		<Build Solution="Debug|*" Project="false"/>
		<Build Solution="Release|*" Project="false"/>
		<Build Solution="MinSizeRel|*" Project="false"/>
		<Build Solution="RelWithDebInfo|*" Project="false"/>
	</Project>
	<Project Path="RUN_TESTS.vcxproj" Type="8bc9ceb8-8b4a-11d0-8d11-00a0c91bc942" Id="41b26bc7-8459-36b8-be9a-b793aa1cd6bc">
		<BuildDependency Project="ZERO_CHECK.vcxproj"/>
		<Build Solution="Debug|*" Project="false"/>
		<Build Solution="Release|*" Project="false"/>
		<Build Solution="MinSizeRel|*" Project="false"/>
		<Build Solution="RelWithDebInfo|*" Project="false"/>
	</Project>
	<Project Path="ZERO_CHECK.vcxproj" Type="8bc9ceb8-8b4a-11d0-8d11-00a0c91bc942" Id="b030f9e3-eeaa-3906-be75-e7e6d0de237d"/>
	<Project Path="algorithm_benchmark.vcxproj" Type="8bc9ceb8-8b4a-11d0-8d11-00a0c91bc942" Id="50cc3230-40be-3167-b44b-eed3d36436e2">
		<BuildDependency Project="ZERO_CHECK.vcxproj"/>
		<BuildDependency Project="chris_algorithms.vcxproj"/>
	</Project>
	<Project Path="algorithm_tests.vcxproj" Type="8bc9ceb8-8b4a-11d0-8d11-00a0c91bc942" Id="c9109efa-7c87-398d-a53c-065a007a8b70">
		<BuildDependency Project="ZERO_CHECK.vcxproj"/>
		<BuildDependency Project="chris_algorithms.vcxproj"/>
	</Project>
	<Project Path="chris_algorithms.vcxproj" Type="8bc9ceb8-8b4a-11d0-8d11-00a0c91bc942" Id="44aeb0f5-e7bd-3a91-a22a-02c23ba69f9a">
		<BuildDependency Project="ZERO_CHECK.vcxproj"/>
	</Project>
</Solution>
