<?xml version="1.0" encoding="utf-8"?>
<Project ToolsVersion="18.0" xmlns="http://schemas.microsoft.com/developer/msbuild/2003">
  <ItemGroup>
    <CustomBuild Include="E:\Aulas\low-level-unified-portfolio\days\2026-09-05\ai\tiled_matmul_cache\solutions\build_ci\CMakeFiles\99a177bdc834cda99f34d981bcdd9401\RUN_TESTS_force.rule">
      <Filter>CMake Rules</Filter>
    </CustomBuild>
  </ItemGroup>
  <ItemGroup>
    <Filter Include="CMake Rules">
      <UniqueIdentifier>{2EA98133-9A23-3F81-BA7A-D4329C22990B}</UniqueIdentifier>
    </Filter>
  </ItemGroup>
</Project>
