<?xml version="1.0" encoding="utf-8"?>
<Project ToolsVersion="18.0" xmlns="http://schemas.microsoft.com/developer/msbuild/2003">
  <ItemGroup>
    <CustomBuild Include="E:\Aulas\low-level-unified-portfolio\days\2026-09-04\algorithms\blocked_merge_sort\solutions\build_ci\CMakeFiles\7ec13320141df5f1f79f8e3bc9322c34\generate.stamp.rule">
      <Filter>CMake Rules</Filter>
    </CustomBuild>
  </ItemGroup>
  <ItemGroup>
    <Filter Include="CMake Rules">
      <UniqueIdentifier>{865D64FA-7E67-36C0-9FF7-9957A8D6CD7A}</UniqueIdentifier>
    </Filter>
  </ItemGroup>
</Project>
