<?xml version="1.0" encoding="UTF-8"?>
<Solution>
	<Configurations>
		<BuildType Name="Debug"/>
		<BuildType Name="Release"/>
		<BuildType Name="MinSizeRel"/>
		<BuildType Name="RelWithDebInfo"/>
		<Platform Name="x64"/>
	</Configurations>
	<Project Path="ALL_BUILD.vcxproj" Type="8bc9ceb8-8b4a-11d0-8d11-00a0c91bc942" Id="f37ea1b5-363c-3f18-bb05-872203fee3e7" DefaultStartup="true">
		<BuildDependency Project="ZERO_CHECK.vcxproj"/>
		<BuildDependency Project="chris_qsim.vcxproj"/>
		<BuildDependency Project="qsim_benchmark.vcxproj"/>
		<BuildDependency Project="qsim_tests.vcxproj"/>
		<Build Solution="Debug|*" Project="false"/>
		<Build Solution="Release|*" Project="false"/>
		<Build Solution="MinSizeRel|*" Project="false"/>
		<Build Solution="RelWithDebInfo|*" Project="false"/>
	</Project>
	<Project Path="RUN_TESTS.vcxproj" Type="8bc9ceb8-8b4a-11d0-8d11-00a0c91bc942" Id="0ba2f3c9-f0c8-3334-a828-bcda2c6db8d7">
		<BuildDependency Project="ZERO_CHECK.vcxproj"/>
		<Build Solution="Debug|*" Project="false"/>
		<Build Solution="Release|*" Project="false"/>
		<Build Solution="MinSizeRel|*" Project="false"/>
		<Build Solution="RelWithDebInfo|*" Project="false"/>
	</Project>
	<Project Path="ZERO_CHECK.vcxproj" Type="8bc9ceb8-8b4a-11d0-8d11-00a0c91bc942" Id="000b28ca-67d1-3860-ad73-15d141afbfb4"/>
	<Project Path="chris_qsim.vcxproj" Type="8bc9ceb8-8b4a-11d0-8d11-00a0c91bc942" Id="2308324c-8396-3e85-b888-4e750d33cbfd">
		<BuildDependency Project="ZERO_CHECK.vcxproj"/>
	</Project>
	<Project Path="qsim_benchmark.vcxproj" Type="8bc9ceb8-8b4a-11d0-8d11-00a0c91bc942" Id="00b9200d-415b-3460-b721-0eeafa7a7d15">
		<BuildDependency Project="ZERO_CHECK.vcxproj"/>
		<BuildDependency Project="chris_qsim.vcxproj"/>
	</Project>
	<Project Path="qsim_tests.vcxproj" Type="8bc9ceb8-8b4a-11d0-8d11-00a0c91bc942" Id="39128bf7-cefb-3331-ad95-1dd211875dcf">
		<BuildDependency Project="ZERO_CHECK.vcxproj"/>
		<BuildDependency Project="chris_qsim.vcxproj"/>
	</Project>
</Solution>
