<?xml version="1.0" encoding="utf-8"?>
<Project ToolsVersion="18.0" xmlns="http://schemas.microsoft.com/developer/msbuild/2003">
  <ItemGroup>
    <ClCompile Include="E:\Aulas\low-level-unified-portfolio\days\2026-09-06\systems\huffman_entropy\solutions\bit_io.cpp">
      <Filter>Source Files</Filter>
    </ClCompile>
    <ClCompile Include="E:\Aulas\low-level-unified-portfolio\days\2026-09-06\systems\huffman_entropy\solutions\huffman.cpp">
      <Filter>Source Files</Filter>
    </ClCompile>
    <ClCompile Include="E:\Aulas\low-level-unified-portfolio\days\2026-09-06\systems\huffman_entropy\solutions\test_huffman.cpp">
      <Filter>Source Files</Filter>
    </ClCompile>
  </ItemGroup>
  <ItemGroup>
    <CustomBuild Include="E:\Aulas\low-level-unified-portfolio\days\2026-09-06\systems\huffman_entropy\solutions\CMakeLists.txt" />
  </ItemGroup>
  <ItemGroup>
    <Filter Include="Source Files">
      <UniqueIdentifier>{08D50C1C-858B-35B0-B9DB-BCDD381AAB4C}</UniqueIdentifier>
    </Filter>
  </ItemGroup>
</Project>
