<?xml version="1.0" encoding="utf-8"?>
<Project ToolsVersion="18.0" xmlns="http://schemas.microsoft.com/developer/msbuild/2003">
  <ItemGroup>
    <CustomBuild Include="E:\Aulas\low-level-unified-portfolio\days\2026-09-06\systems\huffman_entropy\solutions\build_ci\CMakeFiles\3c73d2e8484abe47751b44de5ee3f468\generate.stamp.rule">
      <Filter>CMake Rules</Filter>
    </CustomBuild>
  </ItemGroup>
  <ItemGroup>
    <Filter Include="CMake Rules">
      <UniqueIdentifier>{5653AE08-AE3B-345E-97BE-3F60BE9477D5}</UniqueIdentifier>
    </Filter>
  </ItemGroup>
</Project>
