<?xml version="1.0" encoding="utf-8"?>
<Project ToolsVersion="18.0" xmlns="http://schemas.microsoft.com/developer/msbuild/2003">
  <ItemGroup>
    <ClCompile Include="E:\Aulas\low-level-unified-portfolio\days\2026-09-04\redteam\elf64_triage\solutions\src\lab_target.c">
      <Filter>Source Files</Filter>
    </ClCompile>
  </ItemGroup>
  <ItemGroup>
    <CustomBuild Include="E:\Aulas\low-level-unified-portfolio\days\2026-09-04\redteam\elf64_triage\solutions\CMakeLists.txt" />
  </ItemGroup>
  <ItemGroup>
    <Filter Include="Source Files">
      <UniqueIdentifier>{E2B86BA4-28D6-338C-A8C8-9726BBC574B1}</UniqueIdentifier>
    </Filter>
  </ItemGroup>
</Project>
