<?xml version="1.0" encoding="UTF-8"?>
<Solution>
	<Configurations>
		<BuildType Name="Debug"/>
		<BuildType Name="Release"/>
		<BuildType Name="MinSizeRel"/>
		<BuildType Name="RelWithDebInfo"/>
		<Platform Name="x64"/>
	</Configurations>
	<Project Path="ALL_BUILD.vcxproj" Type="8bc9ceb8-8b4a-11d0-8d11-00a0c91bc942" Id="cc0a1b6e-4957-3722-97aa-37aece5c44af" DefaultStartup="true">
		<BuildDependency Project="ZERO_CHECK.vcxproj"/>
		<BuildDependency Project="chris_js.vcxproj"/>
		<BuildDependency Project="chris_js_cli.vcxproj"/>
		<BuildDependency Project="chris_js_tests.vcxproj"/>
		<Build Solution="Debug|*" Project="false"/>
		<Build Solution="Release|*" Project="false"/>
		<Build Solution="MinSizeRel|*" Project="false"/>
		<Build Solution="RelWithDebInfo|*" Project="false"/>
	</Project>
	<Project Path="RUN_TESTS.vcxproj" Type="8bc9ceb8-8b4a-11d0-8d11-00a0c91bc942" Id="a6b91f0f-51dc-3c55-b973-eddbd5eb8965">
		<BuildDependency Project="ZERO_CHECK.vcxproj"/>
		<Build Solution="Debug|*" Project="false"/>
		<Build Solution="Release|*" Project="false"/>
		<Build Solution="MinSizeRel|*" Project="false"/>
		<Build Solution="RelWithDebInfo|*" Project="false"/>
	</Project>
	<Project Path="ZERO_CHECK.vcxproj" Type="8bc9ceb8-8b4a-11d0-8d11-00a0c91bc942" Id="e3d8f74b-83d7-363b-a640-d7310862f57a"/>
	<Project Path="chris_js.vcxproj" Type="8bc9ceb8-8b4a-11d0-8d11-00a0c91bc942" Id="f324b3a1-71b9-3ac2-ba3d-a1f698f82c7c">
		<BuildDependency Project="ZERO_CHECK.vcxproj"/>
	</Project>
	<Project Path="chris_js_cli.vcxproj" Type="8bc9ceb8-8b4a-11d0-8d11-00a0c91bc942" Id="8d5a6779-ac03-3d08-8307-120d60a97a5f">
		<BuildDependency Project="ZERO_CHECK.vcxproj"/>
		<BuildDependency Project="chris_js.vcxproj"/>
	</Project>
	<Project Path="chris_js_tests.vcxproj" Type="8bc9ceb8-8b4a-11d0-8d11-00a0c91bc942" Id="b8a98c72-cb1c-3956-965b-a3e72046848a">
		<BuildDependency Project="ZERO_CHECK.vcxproj"/>
		<BuildDependency Project="chris_js.vcxproj"/>
	</Project>
</Solution>
