<?xml version="1.0" encoding="utf-8"?>
<Project ToolsVersion="18.0" xmlns="http://schemas.microsoft.com/developer/msbuild/2003">
  <ItemGroup>
    <CustomBuild Include="E:\Aulas\low-level-unified-portfolio\days\2026-09-04\javascript\bytecode_vm_from_scratch\solutions\build_ci\CMakeFiles\3542342547c35998d428a9f1c57f7d98\RUN_TESTS_force.rule">
      <Filter>CMake Rules</Filter>
    </CustomBuild>
  </ItemGroup>
  <ItemGroup>
    <Filter Include="CMake Rules">
      <UniqueIdentifier>{2B92F477-9331-3D6A-BAB9-3735C961C341}</UniqueIdentifier>
    </Filter>
  </ItemGroup>
</Project>
