<?xml version="1.0" encoding="utf-8"?>
<Project ToolsVersion="18.0" xmlns="http://schemas.microsoft.com/developer/msbuild/2003">
  <ItemGroup>
    <CustomBuild Include="E:\Aulas\low-level-unified-portfolio\days\2026-09-04\redteam\elf64_triage\solutions\build_ci\CMakeFiles\37d921719f8ab1f4f85bcb7f3eb225b3\RUN_TESTS_force.rule">
      <Filter>CMake Rules</Filter>
    </CustomBuild>
  </ItemGroup>
  <ItemGroup>
    <Filter Include="CMake Rules">
      <UniqueIdentifier>{99836018-CECD-3698-8BFC-3193EC328E0A}</UniqueIdentifier>
    </Filter>
  </ItemGroup>
</Project>
