<?xml version="1.0" encoding="utf-8"?>
<Project ToolsVersion="18.0" xmlns="http://schemas.microsoft.com/developer/msbuild/2003">
  <ItemGroup>
    <ClCompile Include="E:\Aulas\low-level-unified-portfolio\days\2026-09-04\ai\tensor_strides\solutions\src\tensor.cpp">
      <Filter>Source Files</Filter>
    </ClCompile>
  </ItemGroup>
  <ItemGroup>
    <CustomBuild Include="E:\Aulas\low-level-unified-portfolio\days\2026-09-04\ai\tensor_strides\solutions\CMakeLists.txt" />
  </ItemGroup>
  <ItemGroup>
    <Filter Include="Source Files">
      <UniqueIdentifier>{80D87B72-7915-3C9E-B34E-DF3D4BE29720}</UniqueIdentifier>
    </Filter>
  </ItemGroup>
</Project>
