<?xml version="1.0" encoding="utf-8"?>
<Project ToolsVersion="18.0" xmlns="http://schemas.microsoft.com/developer/msbuild/2003">
  <ItemGroup>
    <ClCompile Include="E:\Aulas\low-level-unified-portfolio\days\2026-09-05\systems\bitmap_page_allocator\solutions\page_allocator.cpp">
      <Filter>Source Files</Filter>
    </ClCompile>
    <ClCompile Include="E:\Aulas\low-level-unified-portfolio\days\2026-09-05\systems\bitmap_page_allocator\solutions\test_page_allocator.cpp">
      <Filter>Source Files</Filter>
    </ClCompile>
  </ItemGroup>
  <ItemGroup>
    <CustomBuild Include="E:\Aulas\low-level-unified-portfolio\days\2026-09-05\systems\bitmap_page_allocator\solutions\CMakeLists.txt" />
  </ItemGroup>
  <ItemGroup>
    <Filter Include="Source Files">
      <UniqueIdentifier>{C1F80FDA-DC4C-380A-803F-13C5AEF19F88}</UniqueIdentifier>
    </Filter>
  </ItemGroup>
</Project>
